
Microsoft Visual Studio Solution File, Format Version 12.00
# Visual Studio Version 17
VisualStudioVersion = 17.9.34616.47
MinimumVisualStudioVersion = 10.0.40219.1
Project("{FAE04EC0-301F-11D3-BF4B-00C04F79EFBC}") = "CrashPlayerCmd", "CrashPlayerCmd.csproj", "{2ECC4081-089F-41C3-8FB9-A9F26F3287C4}"
EndProject
Global
	GlobalSection(SolutionConfigurationPlatforms) = preSolution
		Debug|Any CPU = Debug|Any CPU
		Release|Any CPU = Release|Any CPU
	EndGlobalSection
	GlobalSection(ProjectConfigurationPlatforms) = postSolution
		{2ECC4081-089F-41C3-8FB9-A9F26F3287C4}.Debug|Any CPU.ActiveCfg = Debug|Any CPU
		{2ECC4081-089F-41C3-8FB9-A9F26F3287C4}.Debug|Any CPU.Build.0 = Debug|Any CPU
		{2ECC4081-089F-41C3-8FB9-A9F26F3287C4}.Release|Any CPU.ActiveCfg = Release|Any CPU
		{2ECC4081-089F-41C3-8FB9-A9F26F3287C4}.Release|Any CPU.Build.0 = Release|Any CPU
	EndGlobalSection
	GlobalSection(SolutionProperties) = preSolution
		HideSolutionNode = FALSE
	EndGlobalSection
	GlobalSection(ExtensibilityGlobals) = postSolution
		SolutionGuid = {051DC7A9-73D0-4046-996A-FD9B6A8D2299}
	EndGlobalSection
EndGlobal
